%{"dialyxir": {:hex, :dialyxir, "0.5.1", "b331b091720fd93e878137add264bac4f644e1ddae07a70bf7062c7862c4b952", [:mix], []},
  "eleveldb": {:hex, :eleveldb, "2.2.19", "81339beb68da0a5cdff8662d5f4e8089b83530a7b8238d3f63b734a4d4c8040d", [:rebar3], []},
  "rocksdb": {:hex, :rocksdb, "1.0.0", "887399657f50cbdb2c680051b0cdc9435baf96bd1193ca3c868a7217670567e5", [:rebar3], []}}
